// !$*UTF8*$!
{
	archiveVersion = 1;
	classes = {
	};
	objectVersion = 50;
	objects = {

/* Begin PBXBuildFile section */
		CB24097D2108F2D30047C2B4 /* AppDelegate.swift in Sources */ = {isa = PBXBuildFile; fileRef = CB24097C2108F2D30047C2B4 /* AppDelegate.swift */; };
		CB24097F2108F2D30047C2B4 /* RecognizeTabVC.swift in Sources */ = {isa = PBXBuildFile; fileRef = CB24097E2108F2D30047C2B4 /* RecognizeTabVC.swift */; };
		CB2409862108F2D40047C2B4 /* Assets.xcassets in Resources */ = {isa = PBXBuildFile; fileRef = CB2409852108F2D40047C2B4 /* Assets.xcassets */; };
		CB2409892108F2D40047C2B4 /* LaunchScreen.storyboard in Resources */ = {isa = PBXBuildFile; fileRef = CB2409872108F2D40047C2B4 /* LaunchScreen.storyboard */; };
		CB2409942108F3630047C2B4 /* TabContainer.swift in Sources */ = {isa = PBXBuildFile; fileRef = CB2409922108F3630047C2B4 /* TabContainer.swift */; };
		CB24099D2108F5480047C2B4 /* SnapKit.framework in Frameworks */ = {isa = PBXBuildFile; fileRef = CB24099B2108F5410047C2B4 /* SnapKit.framework */; };
		CB24099E2108F5480047C2B4 /* SnapKit.framework in Embed Frameworks */ = {isa = PBXBuildFile; fileRef = CB24099B2108F5410047C2B4 /* SnapKit.framework */; settings = {ATTRIBUTES = (CodeSignOnCopy, RemoveHeadersOnCopy, ); }; };
		CB2409A12108F7F00047C2B4 /* TabContainerProvider.swift in Sources */ = {isa = PBXBuildFile; fileRef = CB2409A02108F7F00047C2B4 /* TabContainerProvider.swift */; };
		CB2409A72108FC050047C2B4 /* String+Localized.swift in Sources */ = {isa = PBXBuildFile; fileRef = CB2409A62108FC050047C2B4 /* String+Localized.swift */; };
		CB2409AB2108FC510047C2B4 /* Localizable.strings in Resources */ = {isa = PBXBuildFile; fileRef = CB2409AD2108FC510047C2B4 /* Localizable.strings */; };
		CB2409B5210902760047C2B4 /* CommonQuail.framework in Frameworks */ = {isa = PBXBuildFile; fileRef = CB2409B3210902700047C2B4 /* CommonQuail.framework */; };
		CB2409B6210902760047C2B4 /* CommonQuail.framework in Embed Frameworks */ = {isa = PBXBuildFile; fileRef = CB2409B3210902700047C2B4 /* CommonQuail.framework */; settings = {ATTRIBUTES = (CodeSignOnCopy, RemoveHeadersOnCopy, ); }; };
		CB2409B8210902B50047C2B4 /* SettingsTabVC.swift in Sources */ = {isa = PBXBuildFile; fileRef = CB2409B7210902B50047C2B4 /* SettingsTabVC.swift */; };
		CB2409BC2109032B0047C2B4 /* TextTableViewCell.swift in Sources */ = {isa = PBXBuildFile; fileRef = CB2409BA2109032B0047C2B4 /* TextTableViewCell.swift */; };
		CB2409BD2109032B0047C2B4 /* TextTableViewCell.xib in Resources */ = {isa = PBXBuildFile; fileRef = CB2409BB2109032B0047C2B4 /* TextTableViewCell.xib */; };
		CB2409BF210903450047C2B4 /* SettingsItem.swift in Sources */ = {isa = PBXBuildFile; fileRef = CB2409BE210903450047C2B4 /* SettingsItem.swift */; };
		CB2409C1210907F80047C2B4 /* SettingsTabDataProvider.swift in Sources */ = {isa = PBXBuildFile; fileRef = CB2409C0210907F80047C2B4 /* SettingsTabDataProvider.swift */; };
		CB2409C3210909850047C2B4 /* PinToSuperview.swift in Sources */ = {isa = PBXBuildFile; fileRef = CB2409C2210909850047C2B4 /* PinToSuperview.swift */; };
		CB2409C621090B3E0047C2B4 /* TableViewCell+CommonQuail.swift in Sources */ = {isa = PBXBuildFile; fileRef = CB2409C521090B3E0047C2B4 /* TableViewCell+CommonQuail.swift */; };
		CB2409C921090D830047C2B4 /* DrawAndSaveVC.swift in Sources */ = {isa = PBXBuildFile; fileRef = CB2409C821090D830047C2B4 /* DrawAndSaveVC.swift */; };
		CB2409CC210913520047C2B4 /* Router.swift in Sources */ = {isa = PBXBuildFile; fileRef = CB2409CB210913520047C2B4 /* Router.swift */; };
		CB2409CF210913C30047C2B4 /* SettingsRouter.swift in Sources */ = {isa = PBXBuildFile; fileRef = CB2409CE210913C30047C2B4 /* SettingsRouter.swift */; };
		CB2409D221091A0C0047C2B4 /* DrawingView.swift in Sources */ = {isa = PBXBuildFile; fileRef = CB2409D121091A0C0047C2B4 /* DrawingView.swift */; };
		CB2409D62109203B0047C2B4 /* DrawAndSaveViewDecorator.swift in Sources */ = {isa = PBXBuildFile; fileRef = CB2409D52109203B0047C2B4 /* DrawAndSaveViewDecorator.swift */; };
		CB2409DA210922D60047C2B4 /* Model.xcdatamodeld in Sources */ = {isa = PBXBuildFile; fileRef = CB2409D8210922D60047C2B4 /* Model.xcdatamodeld */; };
		CB2409DD210923F70047C2B4 /* MagicalRecord.framework in Frameworks */ = {isa = PBXBuildFile; fileRef = CB2409DB210923F00047C2B4 /* MagicalRecord.framework */; };
		CB2409DE210923F70047C2B4 /* MagicalRecord.framework in Embed Frameworks */ = {isa = PBXBuildFile; fileRef = CB2409DB210923F00047C2B4 /* MagicalRecord.framework */; settings = {ATTRIBUTES = (CodeSignOnCopy, RemoveHeadersOnCopy, ); }; };
		CB2409E02109244A0047C2B4 /* PatternRepository.swift in Sources */ = {isa = PBXBuildFile; fileRef = CB2409DF2109244A0047C2B4 /* PatternRepository.swift */; };
		CB372C862109AED300814F40 /* DrawAndSaveRouter.swift in Sources */ = {isa = PBXBuildFile; fileRef = CB372C852109AED300814F40 /* DrawAndSaveRouter.swift */; };
		CB372C892109B19400814F40 /* ListOfPatternsVC.swift in Sources */ = {isa = PBXBuildFile; fileRef = CB372C882109B19400814F40 /* ListOfPatternsVC.swift */; };
		CBC959CC2109B6320008FF94 /* PatternsProvider.swift in Sources */ = {isa = PBXBuildFile; fileRef = CBC959CB2109B6320008FF94 /* PatternsProvider.swift */; };
		CBC959CE2109B8C20008FF94 /* UIImage+UIView.swift in Sources */ = {isa = PBXBuildFile; fileRef = CBC959CD2109B8C20008FF94 /* UIImage+UIView.swift */; };
		CBC959D22109E2080008FF94 /* PatternRecognizer.swift in Sources */ = {isa = PBXBuildFile; fileRef = CBC959D12109E2080008FF94 /* PatternRecognizer.swift */; };
		CBC959D6210A04310008FF94 /* RecognizeTabDecorator.swift in Sources */ = {isa = PBXBuildFile; fileRef = CBC959D5210A04310008FF94 /* RecognizeTabDecorator.swift */; };
		CBC959DE210A21EF0008FF94 /* PatternRecognizerTests.swift in Sources */ = {isa = PBXBuildFile; fileRef = CBC959DD210A21EF0008FF94 /* PatternRecognizerTests.swift */; };
		CBC959E7210A22190008FF94 /* Nimble.framework in Frameworks */ = {isa = PBXBuildFile; fileRef = CBC959E5210A22190008FF94 /* Nimble.framework */; };
		CBC959E8210A22190008FF94 /* Quick.framework in Frameworks */ = {isa = PBXBuildFile; fileRef = CBC959E6210A22190008FF94 /* Quick.framework */; };
		CBC959EB210A23160008FF94 /* PatternRepositorySpec.swift in Sources */ = {isa = PBXBuildFile; fileRef = CBC959E9210A22470008FF94 /* PatternRepositorySpec.swift */; };
		CBC959EF210A24470008FF94 /* Nimble.framework in CopyFiles */ = {isa = PBXBuildFile; fileRef = CBC959E5210A22190008FF94 /* Nimble.framework */; settings = {ATTRIBUTES = (CodeSignOnCopy, RemoveHeadersOnCopy, ); }; };
		CBC959F0210A24470008FF94 /* Quick.framework in CopyFiles */ = {isa = PBXBuildFile; fileRef = CBC959E6210A22190008FF94 /* Quick.framework */; settings = {ATTRIBUTES = (CodeSignOnCopy, RemoveHeadersOnCopy, ); }; };
/* End PBXBuildFile section */

/* Begin PBXContainerItemProxy section */
		CBC959E0210A21EF0008FF94 /* PBXContainerItemProxy */ = {
			isa = PBXContainerItemProxy;
			containerPortal = CB2409712108F2D30047C2B4 /* Project object */;
			proxyType = 1;
			remoteGlobalIDString = CB2409782108F2D30047C2B4;
			remoteInfo = PatternRecognizer;
		};
/* End PBXContainerItemProxy section */

/* Begin PBXCopyFilesBuildPhase section */
		CB24099F2108F5480047C2B4 /* Embed Frameworks */ = {
			isa = PBXCopyFilesBuildPhase;
			buildActionMask = 2147483647;
			dstPath = "";
			dstSubfolderSpec = 10;
			files = (
				CB2409B6210902760047C2B4 /* CommonQuail.framework in Embed Frameworks */,
				CB24099E2108F5480047C2B4 /* SnapKit.framework in Embed Frameworks */,
				CB2409DE210923F70047C2B4 /* MagicalRecord.framework in Embed Frameworks */,
			);
			name = "Embed Frameworks";
			runOnlyForDeploymentPostprocessing = 0;
		};
		CBC959EE210A243A0008FF94 /* CopyFiles */ = {
			isa = PBXCopyFilesBuildPhase;
			buildActionMask = 2147483647;
			dstPath = "";
			dstSubfolderSpec = 10;
			files = (
				CBC959EF210A24470008FF94 /* Nimble.framework in CopyFiles */,
				CBC959F0210A24470008FF94 /* Quick.framework in CopyFiles */,
			);
			runOnlyForDeploymentPostprocessing = 0;
		};
/* End PBXCopyFilesBuildPhase section */

/* Begin PBXFileReference section */
		CB2409792108F2D30047C2B4 /* PatternRecognizer.app */ = {isa = PBXFileReference; explicitFileType = wrapper.application; includeInIndex = 0; path = PatternRecognizer.app; sourceTree = BUILT_PRODUCTS_DIR; };
		CB24097C2108F2D30047C2B4 /* AppDelegate.swift */ = {isa = PBXFileReference; lastKnownFileType = sourcecode.swift; path = AppDelegate.swift; sourceTree = "<group>"; };
		CB24097E2108F2D30047C2B4 /* RecognizeTabVC.swift */ = {isa = PBXFileReference; lastKnownFileType = sourcecode.swift; path = RecognizeTabVC.swift; sourceTree = "<group>"; };
		CB2409852108F2D40047C2B4 /* Assets.xcassets */ = {isa = PBXFileReference; lastKnownFileType = folder.assetcatalog; path = Assets.xcassets; sourceTree = "<group>"; };
		CB2409882108F2D40047C2B4 /* Base */ = {isa = PBXFileReference; lastKnownFileType = file.storyboard; name = Base; path = Base.lproj/LaunchScreen.storyboard; sourceTree = "<group>"; };
		CB24098A2108F2D40047C2B4 /* Info.plist */ = {isa = PBXFileReference; lastKnownFileType = text.plist.xml; path = Info.plist; sourceTree = "<group>"; };
		CB2409922108F3630047C2B4 /* TabContainer.swift */ = {isa = PBXFileReference; lastKnownFileType = sourcecode.swift; path = TabContainer.swift; sourceTree = "<group>"; };
		CB24099B2108F5410047C2B4 /* SnapKit.framework */ = {isa = PBXFileReference; lastKnownFileType = wrapper.framework; name = SnapKit.framework; path = Carthage/Build/iOS/SnapKit.framework; sourceTree = "<group>"; };
		CB2409A02108F7F00047C2B4 /* TabContainerProvider.swift */ = {isa = PBXFileReference; lastKnownFileType = sourcecode.swift; path = TabContainerProvider.swift; sourceTree = "<group>"; };
		CB2409A62108FC050047C2B4 /* String+Localized.swift */ = {isa = PBXFileReference; lastKnownFileType = sourcecode.swift; path = "String+Localized.swift"; sourceTree = "<group>"; };
		CB2409AF2108FC630047C2B4 /* en */ = {isa = PBXFileReference; lastKnownFileType = text.plist.strings; name = en; path = en.lproj/Localizable.strings; sourceTree = "<group>"; };
		CB2409B3210902700047C2B4 /* CommonQuail.framework */ = {isa = PBXFileReference; lastKnownFileType = wrapper.framework; name = CommonQuail.framework; path = Carthage/Build/iOS/CommonQuail.framework; sourceTree = "<group>"; };
		CB2409B7210902B50047C2B4 /* SettingsTabVC.swift */ = {isa = PBXFileReference; fileEncoding = 4; lastKnownFileType = sourcecode.swift; path = SettingsTabVC.swift; sourceTree = "<group>"; };
		CB2409BA2109032B0047C2B4 /* TextTableViewCell.swift */ = {isa = PBXFileReference; lastKnownFileType = sourcecode.swift; path = TextTableViewCell.swift; sourceTree = "<group>"; };
		CB2409BB2109032B0047C2B4 /* TextTableViewCell.xib */ = {isa = PBXFileReference; lastKnownFileType = file.xib; path = TextTableViewCell.xib; sourceTree = "<group>"; };
		CB2409BE210903450047C2B4 /* SettingsItem.swift */ = {isa = PBXFileReference; lastKnownFileType = sourcecode.swift; path = SettingsItem.swift; sourceTree = "<group>"; };
		CB2409C0210907F80047C2B4 /* SettingsTabDataProvider.swift */ = {isa = PBXFileReference; lastKnownFileType = sourcecode.swift; path = SettingsTabDataProvider.swift; sourceTree = "<group>"; };
		CB2409C2210909850047C2B4 /* PinToSuperview.swift */ = {isa = PBXFileReference; lastKnownFileType = sourcecode.swift; path = PinToSuperview.swift; sourceTree = "<group>"; };
		CB2409C521090B3E0047C2B4 /* TableViewCell+CommonQuail.swift */ = {isa = PBXFileReference; lastKnownFileType = sourcecode.swift; path = "TableViewCell+CommonQuail.swift"; sourceTree = "<group>"; };
		CB2409C821090D830047C2B4 /* DrawAndSaveVC.swift */ = {isa = PBXFileReference; lastKnownFileType = sourcecode.swift; path = DrawAndSaveVC.swift; sourceTree = "<group>"; };
		CB2409CB210913520047C2B4 /* Router.swift */ = {isa = PBXFileReference; lastKnownFileType = sourcecode.swift; path = Router.swift; sourceTree = "<group>"; };
		CB2409CE210913C30047C2B4 /* SettingsRouter.swift */ = {isa = PBXFileReference; lastKnownFileType = sourcecode.swift; path = SettingsRouter.swift; sourceTree = "<group>"; };
		CB2409D121091A0C0047C2B4 /* DrawingView.swift */ = {isa = PBXFileReference; lastKnownFileType = sourcecode.swift; path = DrawingView.swift; sourceTree = "<group>"; };
		CB2409D52109203B0047C2B4 /* DrawAndSaveViewDecorator.swift */ = {isa = PBXFileReference; fileEncoding = 4; lastKnownFileType = sourcecode.swift; path = DrawAndSaveViewDecorator.swift; sourceTree = "<group>"; };
		CB2409D9210922D60047C2B4 /* Model.xcdatamodel */ = {isa = PBXFileReference; lastKnownFileType = wrapper.xcdatamodel; path = Model.xcdatamodel; sourceTree = "<group>"; };
		CB2409DB210923F00047C2B4 /* MagicalRecord.framework */ = {isa = PBXFileReference; lastKnownFileType = wrapper.framework; name = MagicalRecord.framework; path = Carthage/Build/iOS/MagicalRecord.framework; sourceTree = "<group>"; };
		CB2409DF2109244A0047C2B4 /* PatternRepository.swift */ = {isa = PBXFileReference; lastKnownFileType = sourcecode.swift; path = PatternRepository.swift; sourceTree = "<group>"; };
		CB372C852109AED300814F40 /* DrawAndSaveRouter.swift */ = {isa = PBXFileReference; lastKnownFileType = sourcecode.swift; path = DrawAndSaveRouter.swift; sourceTree = "<group>"; };
		CB372C882109B19400814F40 /* ListOfPatternsVC.swift */ = {isa = PBXFileReference; lastKnownFileType = sourcecode.swift; path = ListOfPatternsVC.swift; sourceTree = "<group>"; };
		CBC959CB2109B6320008FF94 /* PatternsProvider.swift */ = {isa = PBXFileReference; lastKnownFileType = sourcecode.swift; path = PatternsProvider.swift; sourceTree = "<group>"; };
		CBC959CD2109B8C20008FF94 /* UIImage+UIView.swift */ = {isa = PBXFileReference; lastKnownFileType = sourcecode.swift; path = "UIImage+UIView.swift"; sourceTree = "<group>"; };
		CBC959D12109E2080008FF94 /* PatternRecognizer.swift */ = {isa = PBXFileReference; lastKnownFileType = sourcecode.swift; path = PatternRecognizer.swift; sourceTree = "<group>"; };
		CBC959D5210A04310008FF94 /* RecognizeTabDecorator.swift */ = {isa = PBXFileReference; lastKnownFileType = sourcecode.swift; path = RecognizeTabDecorator.swift; sourceTree = "<group>"; };
		CBC959DB210A21EF0008FF94 /* PatternRecognizerTests.xctest */ = {isa = PBXFileReference; explicitFileType = wrapper.cfbundle; includeInIndex = 0; path = PatternRecognizerTests.xctest; sourceTree = BUILT_PRODUCTS_DIR; };
		CBC959DD210A21EF0008FF94 /* PatternRecognizerTests.swift */ = {isa = PBXFileReference; lastKnownFileType = sourcecode.swift; path = PatternRecognizerTests.swift; sourceTree = "<group>"; };
		CBC959DF210A21EF0008FF94 /* Info.plist */ = {isa = PBXFileReference; lastKnownFileType = text.plist.xml; path = Info.plist; sourceTree = "<group>"; };
		CBC959E5210A22190008FF94 /* Nimble.framework */ = {isa = PBXFileReference; lastKnownFileType = wrapper.framework; name = Nimble.framework; path = Carthage/Build/iOS/Nimble.framework; sourceTree = "<group>"; };
		CBC959E6210A22190008FF94 /* Quick.framework */ = {isa = PBXFileReference; lastKnownFileType = wrapper.framework; name = Quick.framework; path = Carthage/Build/iOS/Quick.framework; sourceTree = "<group>"; };
		CBC959E9210A22470008FF94 /* PatternRepositorySpec.swift */ = {isa = PBXFileReference; lastKnownFileType = sourcecode.swift; path = PatternRepositorySpec.swift; sourceTree = "<group>"; };
/* End PBXFileReference section */

/* Begin PBXFrameworksBuildPhase section */
		CB2409762108F2D30047C2B4 /* Frameworks */ = {
			isa = PBXFrameworksBuildPhase;
			buildActionMask = 2147483647;
			files = (
				CB24099D2108F5480047C2B4 /* SnapKit.framework in Frameworks */,
				CB2409B5210902760047C2B4 /* CommonQuail.framework in Frameworks */,
				CB2409DD210923F70047C2B4 /* MagicalRecord.framework in Frameworks */,
			);
			runOnlyForDeploymentPostprocessing = 0;
		};
		CBC959D8210A21EF0008FF94 /* Frameworks */ = {
			isa = PBXFrameworksBuildPhase;
			buildActionMask = 2147483647;
			files = (
				CBC959E8210A22190008FF94 /* Quick.framework in Frameworks */,
				CBC959E7210A22190008FF94 /* Nimble.framework in Frameworks */,
			);
			runOnlyForDeploymentPostprocessing = 0;
		};
/* End PBXFrameworksBuildPhase section */

/* Begin PBXGroup section */
		CB2409702108F2D30047C2B4 = {
			isa = PBXGroup;
			children = (
				CBC959DC210A21EF0008FF94 /* PatternRecognizerTests */,
				CB24099A2108F5120047C2B4 /* Frameworks */,
				CB24097B2108F2D30047C2B4 /* PatternRecognizer */,
				CB24097A2108F2D30047C2B4 /* Products */,
			);
			sourceTree = "<group>";
		};
		CB24097A2108F2D30047C2B4 /* Products */ = {
			isa = PBXGroup;
			children = (
				CB2409792108F2D30047C2B4 /* PatternRecognizer.app */,
				CBC959DB210A21EF0008FF94 /* PatternRecognizerTests.xctest */,
			);
			name = Products;
			sourceTree = "<group>";
		};
		CB24097B2108F2D30047C2B4 /* PatternRecognizer */ = {
			isa = PBXGroup;
			children = (
				CB2409D7210922BC0047C2B4 /* Model */,
				CB2409AA2108FC470047C2B4 /* Assets */,
				CB2409A42108FBDF0047C2B4 /* Utils */,
				CB2409A32108F8BD0047C2B4 /* SettingsTab */,
				CB2409A22108F8B20047C2B4 /* RecognizeTab */,
				CB2409912108F3040047C2B4 /* AppContainer */,
				CB24097C2108F2D30047C2B4 /* AppDelegate.swift */,
				CB2409872108F2D40047C2B4 /* LaunchScreen.storyboard */,
				CB24098A2108F2D40047C2B4 /* Info.plist */,
			);
			path = PatternRecognizer;
			sourceTree = "<group>";
		};
		CB2409912108F3040047C2B4 /* AppContainer */ = {
			isa = PBXGroup;
			children = (
				CB2409922108F3630047C2B4 /* TabContainer.swift */,
				CB2409A02108F7F00047C2B4 /* TabContainerProvider.swift */,
			);
			path = AppContainer;
			sourceTree = "<group>";
		};
		CB24099A2108F5120047C2B4 /* Frameworks */ = {
			isa = PBXGroup;
			children = (
				CBC959E5210A22190008FF94 /* Nimble.framework */,
				CBC959E6210A22190008FF94 /* Quick.framework */,
				CB2409DB210923F00047C2B4 /* MagicalRecord.framework */,
				CB2409B3210902700047C2B4 /* CommonQuail.framework */,
				CB24099B2108F5410047C2B4 /* SnapKit.framework */,
			);
			name = Frameworks;
			sourceTree = "<group>";
		};
		CB2409A22108F8B20047C2B4 /* RecognizeTab */ = {
			isa = PBXGroup;
			children = (
				CB24097E2108F2D30047C2B4 /* RecognizeTabVC.swift */,
				CBC959D5210A04310008FF94 /* RecognizeTabDecorator.swift */,
			);
			path = RecognizeTab;
			sourceTree = "<group>";
		};
		CB2409A32108F8BD0047C2B4 /* SettingsTab */ = {
			isa = PBXGroup;
			children = (
				CB372C872109B17200814F40 /* ListOfPatterns */,
				CB2409CD210913B90047C2B4 /* Router */,
				CB2409C721090D630047C2B4 /* DrawAndSave */,
				CB2409B9210902FF0047C2B4 /* Items */,
				CB2409B7210902B50047C2B4 /* SettingsTabVC.swift */,
				CB2409C0210907F80047C2B4 /* SettingsTabDataProvider.swift */,
			);
			path = SettingsTab;
			sourceTree = "<group>";
		};
		CB2409A42108FBDF0047C2B4 /* Utils */ = {
			isa = PBXGroup;
			children = (
				CBC959D02109E1F40008FF94 /* Recognizer */,
				CBC959CF2109B8C50008FF94 /* UImage */,
				CB2409CA210913240047C2B4 /* Router */,
				CB2409C421090ACC0047C2B4 /* TableViewCell */,
				CB2409B02108FD990047C2B4 /* SnapKit */,
				CB2409A52108FBFA0047C2B4 /* Strings */,
			);
			path = Utils;
			sourceTree = "<group>";
		};
		CB2409A52108FBFA0047C2B4 /* Strings */ = {
			isa = PBXGroup;
			children = (
				CB2409A62108FC050047C2B4 /* String+Localized.swift */,
			);
			path = Strings;
			sourceTree = "<group>";
		};
		CB2409AA2108FC470047C2B4 /* Assets */ = {
			isa = PBXGroup;
			children = (
				CB2409AD2108FC510047C2B4 /* Localizable.strings */,
				CB2409852108F2D40047C2B4 /* Assets.xcassets */,
			);
			path = Assets;
			sourceTree = "<group>";
		};
		CB2409B02108FD990047C2B4 /* SnapKit */ = {
			isa = PBXGroup;
			children = (
				CB2409C2210909850047C2B4 /* PinToSuperview.swift */,
			);
			path = SnapKit;
			sourceTree = "<group>";
		};
		CB2409B9210902FF0047C2B4 /* Items */ = {
			isa = PBXGroup;
			children = (
				CB2409BA2109032B0047C2B4 /* TextTableViewCell.swift */,
				CB2409BB2109032B0047C2B4 /* TextTableViewCell.xib */,
				CB2409BE210903450047C2B4 /* SettingsItem.swift */,
			);
			path = Items;
			sourceTree = "<group>";
		};
		CB2409C421090ACC0047C2B4 /* TableViewCell */ = {
			isa = PBXGroup;
			children = (
				CB2409C521090B3E0047C2B4 /* TableViewCell+CommonQuail.swift */,
			);
			path = TableViewCell;
			sourceTree = "<group>";
		};
		CB2409C721090D630047C2B4 /* DrawAndSave */ = {
			isa = PBXGroup;
			children = (
				CB372C842109AEC700814F40 /* Router */,
				CB2409D0210919FB0047C2B4 /* Views */,
				CB2409C821090D830047C2B4 /* DrawAndSaveVC.swift */,
				CB2409D52109203B0047C2B4 /* DrawAndSaveViewDecorator.swift */,
			);
			path = DrawAndSave;
			sourceTree = "<group>";
		};
		CB2409CA210913240047C2B4 /* Router */ = {
			isa = PBXGroup;
			children = (
				CB2409CB210913520047C2B4 /* Router.swift */,
			);
			path = Router;
			sourceTree = "<group>";
		};
		CB2409CD210913B90047C2B4 /* Router */ = {
			isa = PBXGroup;
			children = (
				CB2409CE210913C30047C2B4 /* SettingsRouter.swift */,
			);
			path = Router;
			sourceTree = "<group>";
		};
		CB2409D0210919FB0047C2B4 /* Views */ = {
			isa = PBXGroup;
			children = (
				CB2409D121091A0C0047C2B4 /* DrawingView.swift */,
			);
			path = Views;
			sourceTree = "<group>";
		};
		CB2409D7210922BC0047C2B4 /* Model */ = {
			isa = PBXGroup;
			children = (
				CB2409D8210922D60047C2B4 /* Model.xcdatamodeld */,
				CBC959E9210A22470008FF94 /* PatternRepositorySpec.swift */,
				CB2409DF2109244A0047C2B4 /* PatternRepository.swift */,
			);
			path = Model;
			sourceTree = "<group>";
		};
		CB372C842109AEC700814F40 /* Router */ = {
			isa = PBXGroup;
			children = (
				CB372C852109AED300814F40 /* DrawAndSaveRouter.swift */,
			);
			path = Router;
			sourceTree = "<group>";
		};
		CB372C872109B17200814F40 /* ListOfPatterns */ = {
			isa = PBXGroup;
			children = (
				CB372C882109B19400814F40 /* ListOfPatternsVC.swift */,
				CBC959CB2109B6320008FF94 /* PatternsProvider.swift */,
			);
			path = ListOfPatterns;
			sourceTree = "<group>";
		};
		CBC959CF2109B8C50008FF94 /* UImage */ = {
			isa = PBXGroup;
			children = (
				CBC959CD2109B8C20008FF94 /* UIImage+UIView.swift */,
			);
			path = UImage;
			sourceTree = "<group>";
		};
		CBC959D02109E1F40008FF94 /* Recognizer */ = {
			isa = PBXGroup;
			children = (
				CBC959D12109E2080008FF94 /* PatternRecognizer.swift */,
			);
			path = Recognizer;
			sourceTree = "<group>";
		};
		CBC959DC210A21EF0008FF94 /* PatternRecognizerTests */ = {
			isa = PBXGroup;
			children = (
				CBC959DD210A21EF0008FF94 /* PatternRecognizerTests.swift */,
				CBC959DF210A21EF0008FF94 /* Info.plist */,
			);
			path = PatternRecognizerTests;
			sourceTree = "<group>";
		};
/* End PBXGroup section */

/* Begin PBXNativeTarget section */
		CB2409782108F2D30047C2B4 /* PatternRecognizer */ = {
			isa = PBXNativeTarget;
			buildConfigurationList = CB24098D2108F2D40047C2B4 /* Build configuration list for PBXNativeTarget "PatternRecognizer" */;
			buildPhases = (
				CB2409752108F2D30047C2B4 /* Sources */,
				CB2409762108F2D30047C2B4 /* Frameworks */,
				CB2409772108F2D30047C2B4 /* Resources */,
				CB24099F2108F5480047C2B4 /* Embed Frameworks */,
			);
			buildRules = (
			);
			dependencies = (
			);
			name = PatternRecognizer;
			productName = PatternRecognizer;
			productReference = CB2409792108F2D30047C2B4 /* PatternRecognizer.app */;
			productType = "com.apple.product-type.application";
		};
		CBC959DA210A21EF0008FF94 /* PatternRecognizerTests */ = {
			isa = PBXNativeTarget;
			buildConfigurationList = CBC959E4210A21EF0008FF94 /* Build configuration list for PBXNativeTarget "PatternRecognizerTests" */;
			buildPhases = (
				CBC959D7210A21EF0008FF94 /* Sources */,
				CBC959D8210A21EF0008FF94 /* Frameworks */,
				CBC959D9210A21EF0008FF94 /* Resources */,
				CBC959EE210A243A0008FF94 /* CopyFiles */,
			);
			buildRules = (
			);
			dependencies = (
				CBC959E1210A21EF0008FF94 /* PBXTargetDependency */,
			);
			name = PatternRecognizerTests;
			productName = PatternRecognizerTests;
			productReference = CBC959DB210A21EF0008FF94 /* PatternRecognizerTests.xctest */;
			productType = "com.apple.product-type.bundle.unit-test";
		};
/* End PBXNativeTarget section */

/* Begin PBXProject section */
		CB2409712108F2D30047C2B4 /* Project object */ = {
			isa = PBXProject;
			attributes = {
				LastSwiftUpdateCheck = 0940;
				LastUpgradeCheck = 0940;
				ORGANIZATIONNAME = KAWA;
				TargetAttributes = {
					CB2409782108F2D30047C2B4 = {
						CreatedOnToolsVersion = 9.4.1;
					};
					CBC959DA210A21EF0008FF94 = {
						CreatedOnToolsVersion = 9.4.1;
						TestTargetID = CB2409782108F2D30047C2B4;
					};
				};
			};
			buildConfigurationList = CB2409742108F2D30047C2B4 /* Build configuration list for PBXProject "PatternRecognizer" */;
			compatibilityVersion = "Xcode 9.3";
			developmentRegion = en;
			hasScannedForEncodings = 0;
			knownRegions = (
				en,
				Base,
			);
			mainGroup = CB2409702108F2D30047C2B4;
			productRefGroup = CB24097A2108F2D30047C2B4 /* Products */;
			projectDirPath = "";
			projectRoot = "";
			targets = (
				CB2409782108F2D30047C2B4 /* PatternRecognizer */,
				CBC959DA210A21EF0008FF94 /* PatternRecognizerTests */,
			);
		};
/* End PBXProject section */

/* Begin PBXResourcesBuildPhase section */
		CB2409772108F2D30047C2B4 /* Resources */ = {
			isa = PBXResourcesBuildPhase;
			buildActionMask = 2147483647;
			files = (
				CB2409892108F2D40047C2B4 /* LaunchScreen.storyboard in Resources */,
				CB2409AB2108FC510047C2B4 /* Localizable.strings in Resources */,
				CB2409BD2109032B0047C2B4 /* TextTableViewCell.xib in Resources */,
				CB2409862108F2D40047C2B4 /* Assets.xcassets in Resources */,
			);
			runOnlyForDeploymentPostprocessing = 0;
		};
		CBC959D9210A21EF0008FF94 /* Resources */ = {
			isa = PBXResourcesBuildPhase;
			buildActionMask = 2147483647;
			files = (
			);
			runOnlyForDeploymentPostprocessing = 0;
		};
/* End PBXResourcesBuildPhase section */

/* Begin PBXSourcesBuildPhase section */
		CB2409752108F2D30047C2B4 /* Sources */ = {
			isa = PBXSourcesBuildPhase;
			buildActionMask = 2147483647;
			files = (
				CB2409C1210907F80047C2B4 /* SettingsTabDataProvider.swift in Sources */,
				CBC959CC2109B6320008FF94 /* PatternsProvider.swift in Sources */,
				CBC959D22109E2080008FF94 /* PatternRecognizer.swift in Sources */,
				CB2409B8210902B50047C2B4 /* SettingsTabVC.swift in Sources */,
				CB2409E02109244A0047C2B4 /* PatternRepository.swift in Sources */,
				CB2409C3210909850047C2B4 /* PinToSuperview.swift in Sources */,
				CB2409CF210913C30047C2B4 /* SettingsRouter.swift in Sources */,
				CB2409C921090D830047C2B4 /* DrawAndSaveVC.swift in Sources */,
				CB2409A72108FC050047C2B4 /* String+Localized.swift in Sources */,
				CB2409A12108F7F00047C2B4 /* TabContainerProvider.swift in Sources */,
				CB372C862109AED300814F40 /* DrawAndSaveRouter.swift in Sources */,
				CB2409942108F3630047C2B4 /* TabContainer.swift in Sources */,
				CB2409DA210922D60047C2B4 /* Model.xcdatamodeld in Sources */,
				CB2409BC2109032B0047C2B4 /* TextTableViewCell.swift in Sources */,
				CB2409D62109203B0047C2B4 /* DrawAndSaveViewDecorator.swift in Sources */,
				CB372C892109B19400814F40 /* ListOfPatternsVC.swift in Sources */,
				CB2409BF210903450047C2B4 /* SettingsItem.swift in Sources */,
				CB24097D2108F2D30047C2B4 /* AppDelegate.swift in Sources */,
				CB24097F2108F2D30047C2B4 /* RecognizeTabVC.swift in Sources */,
				CB2409D221091A0C0047C2B4 /* DrawingView.swift in Sources */,
				CB2409C621090B3E0047C2B4 /* TableViewCell+CommonQuail.swift in Sources */,
				CBC959CE2109B8C20008FF94 /* UIImage+UIView.swift in Sources */,
				CBC959D6210A04310008FF94 /* RecognizeTabDecorator.swift in Sources */,
				CB2409CC210913520047C2B4 /* Router.swift in Sources */,
			);
			runOnlyForDeploymentPostprocessing = 0;
		};
		CBC959D7210A21EF0008FF94 /* Sources */ = {
			isa = PBXSourcesBuildPhase;
			buildActionMask = 2147483647;
			files = (
				CBC959DE210A21EF0008FF94 /* PatternRecognizerTests.swift in Sources */,
				CBC959EB210A23160008FF94 /* PatternRepositorySpec.swift in Sources */,
			);
			runOnlyForDeploymentPostprocessing = 0;
		};
/* End PBXSourcesBuildPhase section */

/* Begin PBXTargetDependency section */
		CBC959E1210A21EF0008FF94 /* PBXTargetDependency */ = {
			isa = PBXTargetDependency;
			target = CB2409782108F2D30047C2B4 /* PatternRecognizer */;
			targetProxy = CBC959E0210A21EF0008FF94 /* PBXContainerItemProxy */;
		};
/* End PBXTargetDependency section */

/* Begin PBXVariantGroup section */
		CB2409872108F2D40047C2B4 /* LaunchScreen.storyboard */ = {
			isa = PBXVariantGroup;
			children = (
				CB2409882108F2D40047C2B4 /* Base */,
			);
			name = LaunchScreen.storyboard;
			sourceTree = "<group>";
		};
		CB2409AD2108FC510047C2B4 /* Localizable.strings */ = {
			isa = PBXVariantGroup;
			children = (
				CB2409AF2108FC630047C2B4 /* en */,
			);
			name = Localizable.strings;
			sourceTree = "<group>";
		};
/* End PBXVariantGroup section */

/* Begin XCBuildConfiguration section */
		CB24098B2108F2D40047C2B4 /* Debug */ = {
			isa = XCBuildConfiguration;
			buildSettings = {
				ALWAYS_SEARCH_USER_PATHS = NO;
				CLANG_ANALYZER_NONNULL = YES;
				CLANG_ANALYZER_NUMBER_OBJECT_CONVERSION = YES_AGGRESSIVE;
				CLANG_CXX_LANGUAGE_STANDARD = "gnu++14";
				CLANG_CXX_LIBRARY = "libc++";
				CLANG_ENABLE_MODULES = YES;
				CLANG_ENABLE_OBJC_ARC = YES;
				CLANG_ENABLE_OBJC_WEAK = YES;
				CLANG_WARN_BLOCK_CAPTURE_AUTORELEASING = YES;
				CLANG_WARN_BOOL_CONVERSION = YES;
				CLANG_WARN_COMMA = YES;
				CLANG_WARN_CONSTANT_CONVERSION = YES;
				CLANG_WARN_DEPRECATED_OBJC_IMPLEMENTATIONS = YES;
				CLANG_WARN_DIRECT_OBJC_ISA_USAGE = YES_ERROR;
				CLANG_WARN_DOCUMENTATION_COMMENTS = YES;
				CLANG_WARN_EMPTY_BODY = YES;
				CLANG_WARN_ENUM_CONVERSION = YES;
				CLANG_WARN_INFINITE_RECURSION = YES;
				CLANG_WARN_INT_CONVERSION = YES;
				CLANG_WARN_NON_LITERAL_NULL_CONVERSION = YES;
				CLANG_WARN_OBJC_IMPLICIT_RETAIN_SELF = YES;
				CLANG_WARN_OBJC_LITERAL_CONVERSION = YES;
				CLANG_WARN_OBJC_ROOT_CLASS = YES_ERROR;
				CLANG_WARN_RANGE_LOOP_ANALYSIS = YES;
				CLANG_WARN_STRICT_PROTOTYPES = YES;
				CLANG_WARN_SUSPICIOUS_MOVE = YES;
				CLANG_WARN_UNGUARDED_AVAILABILITY = YES_AGGRESSIVE;
				CLANG_WARN_UNREACHABLE_CODE = YES;
				CLANG_WARN__DUPLICATE_METHOD_MATCH = YES;
				CODE_SIGN_IDENTITY = "iPhone Developer";
				COPY_PHASE_STRIP = NO;
				DEBUG_INFORMATION_FORMAT = dwarf;
				ENABLE_STRICT_OBJC_MSGSEND = YES;
				ENABLE_TESTABILITY = YES;
				GCC_C_LANGUAGE_STANDARD = gnu11;
				GCC_DYNAMIC_NO_PIC = NO;
				GCC_NO_COMMON_BLOCKS = YES;
				GCC_OPTIMIZATION_LEVEL = 0;
				GCC_PREPROCESSOR_DEFINITIONS = (
					"DEBUG=1",
					"$(inherited)",
				);
				GCC_WARN_64_TO_32_BIT_CONVERSION = YES;
				GCC_WARN_ABOUT_RETURN_TYPE = YES_ERROR;
				GCC_WARN_UNDECLARED_SELECTOR = YES;
				GCC_WARN_UNINITIALIZED_AUTOS = YES_AGGRESSIVE;
				GCC_WARN_UNUSED_FUNCTION = YES;
				GCC_WARN_UNUSED_VARIABLE = YES;
				IPHONEOS_DEPLOYMENT_TARGET = 11.4;
				MTL_ENABLE_DEBUG_INFO = YES;
				ONLY_ACTIVE_ARCH = YES;
				SDKROOT = iphoneos;
				SWIFT_ACTIVE_COMPILATION_CONDITIONS = DEBUG;
				SWIFT_OPTIMIZATION_LEVEL = "-Onone";
			};
			name = Debug;
		};
		CB24098C2108F2D40047C2B4 /* Release */ = {
			isa = XCBuildConfiguration;
			buildSettings = {
				ALWAYS_SEARCH_USER_PATHS = NO;
				CLANG_ANALYZER_NONNULL = YES;
				CLANG_ANALYZER_NUMBER_OBJECT_CONVERSION = YES_AGGRESSIVE;
				CLANG_CXX_LANGUAGE_STANDARD = "gnu++14";
				CLANG_CXX_LIBRARY = "libc++";
				CLANG_ENABLE_MODULES = YES;
				CLANG_ENABLE_OBJC_ARC = YES;
				CLANG_ENABLE_OBJC_WEAK = YES;
				CLANG_WARN_BLOCK_CAPTURE_AUTORELEASING = YES;
				CLANG_WARN_BOOL_CONVERSION = YES;
				CLANG_WARN_COMMA = YES;
				CLANG_WARN_CONSTANT_CONVERSION = YES;
				CLANG_WARN_DEPRECATED_OBJC_IMPLEMENTATIONS = YES;
				CLANG_WARN_DIRECT_OBJC_ISA_USAGE = YES_ERROR;
				CLANG_WARN_DOCUMENTATION_COMMENTS = YES;
				CLANG_WARN_EMPTY_BODY = YES;
				CLANG_WARN_ENUM_CONVERSION = YES;
				CLANG_WARN_INFINITE_RECURSION = YES;
				CLANG_WARN_INT_CONVERSION = YES;
				CLANG_WARN_NON_LITERAL_NULL_CONVERSION = YES;
				CLANG_WARN_OBJC_IMPLICIT_RETAIN_SELF = YES;
				CLANG_WARN_OBJC_LITERAL_CONVERSION = YES;
				CLANG_WARN_OBJC_ROOT_CLASS = YES_ERROR;
				CLANG_WARN_RANGE_LOOP_ANALYSIS = YES;
				CLANG_WARN_STRICT_PROTOTYPES = YES;
				CLANG_WARN_SUSPICIOUS_MOVE = YES;
				CLANG_WARN_UNGUARDED_AVAILABILITY = YES_AGGRESSIVE;
				CLANG_WARN_UNREACHABLE_CODE = YES;
				CLANG_WARN__DUPLICATE_METHOD_MATCH = YES;
				CODE_SIGN_IDENTITY = "iPhone Developer";
				COPY_PHASE_STRIP = NO;
				DEBUG_INFORMATION_FORMAT = "dwarf-with-dsym";
				ENABLE_NS_ASSERTIONS = NO;
				ENABLE_STRICT_OBJC_MSGSEND = YES;
				GCC_C_LANGUAGE_STANDARD = gnu11;
				GCC_NO_COMMON_BLOCKS = YES;
				GCC_WARN_64_TO_32_BIT_CONVERSION = YES;
				GCC_WARN_ABOUT_RETURN_TYPE = YES_ERROR;
				GCC_WARN_UNDECLARED_SELECTOR = YES;
				GCC_WARN_UNINITIALIZED_AUTOS = YES_AGGRESSIVE;
				GCC_WARN_UNUSED_FUNCTION = YES;
				GCC_WARN_UNUSED_VARIABLE = YES;
				IPHONEOS_DEPLOYMENT_TARGET = 11.4;
				MTL_ENABLE_DEBUG_INFO = NO;
				SDKROOT = iphoneos;
				SWIFT_COMPILATION_MODE = wholemodule;
				SWIFT_OPTIMIZATION_LEVEL = "-O";
				VALIDATE_PRODUCT = YES;
			};
			name = Release;
		};
		CB24098E2108F2D40047C2B4 /* Debug */ = {
			isa = XCBuildConfiguration;
			buildSettings = {
				ASSETCATALOG_COMPILER_APPICON_NAME = AppIcon;
				CODE_SIGN_IDENTITY = "iPhone Developer";
				CODE_SIGN_STYLE = Automatic;
				DEVELOPMENT_TEAM = M8663S48MK;
				FRAMEWORK_SEARCH_PATHS = (
					"$(inherited)",
					"$(PROJECT_DIR)/Carthage/Build/iOS",
				);
				INFOPLIST_FILE = PatternRecognizer/Info.plist;
				LD_RUNPATH_SEARCH_PATHS = (
					"$(inherited)",
					"@executable_path/Frameworks",
				);
				PRODUCT_BUNDLE_IDENTIFIER = com.kawa.PatternRecognizer;
				PRODUCT_NAME = "$(TARGET_NAME)";
				PROVISIONING_PROFILE_SPECIFIER = "";
				SWIFT_VERSION = 4.0;
				TARGETED_DEVICE_FAMILY = "1,2";
			};
			name = Debug;
		};
		CB24098F2108F2D40047C2B4 /* Release */ = {
			isa = XCBuildConfiguration;
			buildSettings = {
				ASSETCATALOG_COMPILER_APPICON_NAME = AppIcon;
				CODE_SIGN_IDENTITY = "iPhone Developer";
				CODE_SIGN_STYLE = Automatic;
				DEVELOPMENT_TEAM = M8663S48MK;
				FRAMEWORK_SEARCH_PATHS = (
					"$(inherited)",
					"$(PROJECT_DIR)/Carthage/Build/iOS",
				);
				INFOPLIST_FILE = PatternRecognizer/Info.plist;
				LD_RUNPATH_SEARCH_PATHS = (
					"$(inherited)",
					"@executable_path/Frameworks",
				);
				PRODUCT_BUNDLE_IDENTIFIER = com.kawa.PatternRecognizer;
				PRODUCT_NAME = "$(TARGET_NAME)";
				PROVISIONING_PROFILE_SPECIFIER = "";
				SWIFT_VERSION = 4.0;
				TARGETED_DEVICE_FAMILY = "1,2";
			};
			name = Release;
		};
		CBC959E2210A21EF0008FF94 /* Debug */ = {
			isa = XCBuildConfiguration;
			buildSettings = {
				BUNDLE_LOADER = "$(TEST_HOST)";
				CODE_SIGN_STYLE = Automatic;
				FRAMEWORK_SEARCH_PATHS = (
					"$(inherited)",
					"$(PROJECT_DIR)/Carthage/Build/iOS",
				);
				INFOPLIST_FILE = PatternRecognizerTests/Info.plist;
				LD_RUNPATH_SEARCH_PATHS = (
					"$(inherited)",
					"@executable_path/Frameworks",
					"@loader_path/Frameworks",
				);
				PRODUCT_BUNDLE_IDENTIFIER = com.kawa.PatternRecognizerTests;
				PRODUCT_NAME = "$(TARGET_NAME)";
				SWIFT_VERSION = 4.0;
				TARGETED_DEVICE_FAMILY = "1,2";
				TEST_HOST = "$(BUILT_PRODUCTS_DIR)/PatternRecognizer.app/PatternRecognizer";
			};
			name = Debug;
		};
		CBC959E3210A21EF0008FF94 /* Release */ = {
			isa = XCBuildConfiguration;
			buildSettings = {
				BUNDLE_LOADER = "$(TEST_HOST)";
				CODE_SIGN_STYLE = Automatic;
				FRAMEWORK_SEARCH_PATHS = (
					"$(inherited)",
					"$(PROJECT_DIR)/Carthage/Build/iOS",
				);
				INFOPLIST_FILE = PatternRecognizerTests/Info.plist;
				LD_RUNPATH_SEARCH_PATHS = (
					"$(inherited)",
					"@executable_path/Frameworks",
					"@loader_path/Frameworks",
				);
				PRODUCT_BUNDLE_IDENTIFIER = com.kawa.PatternRecognizerTests;
				PRODUCT_NAME = "$(TARGET_NAME)";
				SWIFT_VERSION = 4.0;
				TARGETED_DEVICE_FAMILY = "1,2";
				TEST_HOST = "$(BUILT_PRODUCTS_DIR)/PatternRecognizer.app/PatternRecognizer";
			};
			name = Release;
		};
/* End XCBuildConfiguration section */

/* Begin XCConfigurationList section */
		CB2409742108F2D30047C2B4 /* Build configuration list for PBXProject "PatternRecognizer" */ = {
			isa = XCConfigurationList;
			buildConfigurations = (
				CB24098B2108F2D40047C2B4 /* Debug */,
				CB24098C2108F2D40047C2B4 /* Release */,
			);
			defaultConfigurationIsVisible = 0;
			defaultConfigurationName = Release;
		};
		CB24098D2108F2D40047C2B4 /* Build configuration list for PBXNativeTarget "PatternRecognizer" */ = {
			isa = XCConfigurationList;
			buildConfigurations = (
				CB24098E2108F2D40047C2B4 /* Debug */,
				CB24098F2108F2D40047C2B4 /* Release */,
			);
			defaultConfigurationIsVisible = 0;
			defaultConfigurationName = Release;
		};
		CBC959E4210A21EF0008FF94 /* Build configuration list for PBXNativeTarget "PatternRecognizerTests" */ = {
			isa = XCConfigurationList;
			buildConfigurations = (
				CBC959E2210A21EF0008FF94 /* Debug */,
				CBC959E3210A21EF0008FF94 /* Release */,
			);
			defaultConfigurationIsVisible = 0;
			defaultConfigurationName = Release;
		};
/* End XCConfigurationList section */

/* Begin XCVersionGroup section */
		CB2409D8210922D60047C2B4 /* Model.xcdatamodeld */ = {
			isa = XCVersionGroup;
			children = (
				CB2409D9210922D60047C2B4 /* Model.xcdatamodel */,
			);
			currentVersion = CB2409D9210922D60047C2B4 /* Model.xcdatamodel */;
			path = Model.xcdatamodeld;
			sourceTree = "<group>";
			versionGroupType = wrapper.xcdatamodel;
		};
/* End XCVersionGroup section */
	};
	rootObject = CB2409712108F2D30047C2B4 /* Project object */;
}
